// !$*UTF8*$!
{
	archiveVersion = 1;
	classes = {
	};
	objectVersion = 46;
	objects = {

/* Begin PBXBuildFile section */
		571E03CE14BF7D610041AF38 /* SenTestingKit.framework in Frameworks */ = {isa = PBXBuildFile; fileRef = 571E03A014BF60BB0041AF38 /* SenTestingKit.framework */; };
		571E03CF14BF7D610041AF38 /* UIKit.framework in Frameworks */ = {isa = PBXBuildFile; fileRef = 57AACE8214A2757000E838B1 /* UIKit.framework */; };
		571E03D014BF7D610041AF38 /* Foundation.framework in Frameworks */ = {isa = PBXBuildFile; fileRef = 57AACE8414A2757000E838B1 /* Foundation.framework */; };
		571E03D614BF7D610041AF38 /* InfoPlist.strings in Resources */ = {isa = PBXBuildFile; fileRef = 571E03D414BF7D610041AF38 /* InfoPlist.strings */; };
		571E03D914BF7D610041AF38 /* CalculatorBrainLogicTests.m in Sources */ = {isa = PBXBuildFile; fileRef = 571E03D814BF7D610041AF38 /* CalculatorBrainLogicTests.m */; };
		5746BA0C14C90CCD005979C1 /* CalculatorGraphView.m in Sources */ = {isa = PBXBuildFile; fileRef = 5746BA0B14C90CCD005979C1 /* CalculatorGraphView.m */; };
		5770274114C90D40001D3AA8 /* CalculatorGraphViewController.m in Sources */ = {isa = PBXBuildFile; fileRef = 5770274014C90D40001D3AA8 /* CalculatorGraphViewController.m */; };
		577FF63F14BF807C00CFDB55 /* CalculatorBrain.m in Sources */ = {isa = PBXBuildFile; fileRef = 57AACEA014A2A0D900E838B1 /* CalculatorBrain.m */; };
		579E877F14C8D35500446175 /* README in Resources */ = {isa = PBXBuildFile; fileRef = 579E877E14C8D35500446175 /* README */; };
		57AACE8314A2757000E838B1 /* UIKit.framework in Frameworks */ = {isa = PBXBuildFile; fileRef = 57AACE8214A2757000E838B1 /* UIKit.framework */; };
		57AACE8514A2757000E838B1 /* Foundation.framework in Frameworks */ = {isa = PBXBuildFile; fileRef = 57AACE8414A2757000E838B1 /* Foundation.framework */; };
		57AACE8714A2757000E838B1 /* CoreGraphics.framework in Frameworks */ = {isa = PBXBuildFile; fileRef = 57AACE8614A2757000E838B1 /* CoreGraphics.framework */; };
		57AACE8D14A2757000E838B1 /* InfoPlist.strings in Resources */ = {isa = PBXBuildFile; fileRef = 57AACE8B14A2757000E838B1 /* InfoPlist.strings */; };
		57AACE8F14A2757000E838B1 /* main.m in Sources */ = {isa = PBXBuildFile; fileRef = 57AACE8E14A2757000E838B1 /* main.m */; };
		57AACE9314A2757000E838B1 /* CalculatorAppDelegate.m in Sources */ = {isa = PBXBuildFile; fileRef = 57AACE9214A2757000E838B1 /* CalculatorAppDelegate.m */; };
		57AACE9614A2757000E838B1 /* MainStoryboard.storyboard in Resources */ = {isa = PBXBuildFile; fileRef = 57AACE9414A2757000E838B1 /* MainStoryboard.storyboard */; };
		57AACE9914A2757000E838B1 /* CalculatorViewController.m in Sources */ = {isa = PBXBuildFile; fileRef = 57AACE9814A2757000E838B1 /* CalculatorViewController.m */; };
		57AACEA114A2A0D900E838B1 /* CalculatorBrain.m in Sources */ = {isa = PBXBuildFile; fileRef = 57AACEA014A2A0D900E838B1 /* CalculatorBrain.m */; };
/* End PBXBuildFile section */

/* Begin PBXFileReference section */
		571E03A014BF60BB0041AF38 /* SenTestingKit.framework */ = {isa = PBXFileReference; lastKnownFileType = wrapper.framework; name = SenTestingKit.framework; path = Library/Frameworks/SenTestingKit.framework; sourceTree = DEVELOPER_DIR; };
		571E03CD14BF7D610041AF38 /* CalculatorBrainLogicTests.octest */ = {isa = PBXFileReference; explicitFileType = wrapper.cfbundle; includeInIndex = 0; path = CalculatorBrainLogicTests.octest; sourceTree = BUILT_PRODUCTS_DIR; };
		571E03D314BF7D610041AF38 /* CalculatorBrainLogicTests-Info.plist */ = {isa = PBXFileReference; lastKnownFileType = text.plist.xml; path = "CalculatorBrainLogicTests-Info.plist"; sourceTree = "<group>"; };
		571E03D514BF7D610041AF38 /* en */ = {isa = PBXFileReference; lastKnownFileType = text.plist.strings; name = en; path = en.lproj/InfoPlist.strings; sourceTree = "<group>"; };
		571E03D714BF7D610041AF38 /* CalculatorBrainLogicTests.h */ = {isa = PBXFileReference; lastKnownFileType = sourcecode.c.h; path = CalculatorBrainLogicTests.h; sourceTree = "<group>"; };
		571E03D814BF7D610041AF38 /* CalculatorBrainLogicTests.m */ = {isa = PBXFileReference; lastKnownFileType = sourcecode.c.objc; path = CalculatorBrainLogicTests.m; sourceTree = "<group>"; };
		571E03DA14BF7D610041AF38 /* CalculatorBrainLogicTests-Prefix.pch */ = {isa = PBXFileReference; lastKnownFileType = sourcecode.c.h; path = "CalculatorBrainLogicTests-Prefix.pch"; sourceTree = "<group>"; };
		5746BA0A14C90CCD005979C1 /* CalculatorGraphView.h */ = {isa = PBXFileReference; fileEncoding = 4; lastKnownFileType = sourcecode.c.h; path = CalculatorGraphView.h; sourceTree = "<group>"; };
		5746BA0B14C90CCD005979C1 /* CalculatorGraphView.m */ = {isa = PBXFileReference; fileEncoding = 4; lastKnownFileType = sourcecode.c.objc; path = CalculatorGraphView.m; sourceTree = "<group>"; };
		5770273F14C90D40001D3AA8 /* CalculatorGraphViewController.h */ = {isa = PBXFileReference; fileEncoding = 4; lastKnownFileType = sourcecode.c.h; path = CalculatorGraphViewController.h; sourceTree = "<group>"; };
		5770274014C90D40001D3AA8 /* CalculatorGraphViewController.m */ = {isa = PBXFileReference; fileEncoding = 4; lastKnownFileType = sourcecode.c.objc; path = CalculatorGraphViewController.m; sourceTree = "<group>"; };
		579E877E14C8D35500446175 /* README */ = {isa = PBXFileReference; fileEncoding = 4; lastKnownFileType = text; path = README; sourceTree = "<group>"; };
		57AACE7E14A2757000E838B1 /* Calculator.app */ = {isa = PBXFileReference; explicitFileType = wrapper.application; includeInIndex = 0; path = Calculator.app; sourceTree = BUILT_PRODUCTS_DIR; };
		57AACE8214A2757000E838B1 /* UIKit.framework */ = {isa = PBXFileReference; lastKnownFileType = wrapper.framework; name = UIKit.framework; path = System/Library/Frameworks/UIKit.framework; sourceTree = SDKROOT; };
		57AACE8414A2757000E838B1 /* Foundation.framework */ = {isa = PBXFileReference; lastKnownFileType = wrapper.framework; name = Foundation.framework; path = System/Library/Frameworks/Foundation.framework; sourceTree = SDKROOT; };
		57AACE8614A2757000E838B1 /* CoreGraphics.framework */ = {isa = PBXFileReference; lastKnownFileType = wrapper.framework; name = CoreGraphics.framework; path = System/Library/Frameworks/CoreGraphics.framework; sourceTree = SDKROOT; };
		57AACE8A14A2757000E838B1 /* Calculator-Info.plist */ = {isa = PBXFileReference; lastKnownFileType = text.plist.xml; path = "Calculator-Info.plist"; sourceTree = "<group>"; };
		57AACE8C14A2757000E838B1 /* en */ = {isa = PBXFileReference; lastKnownFileType = text.plist.strings; name = en; path = en.lproj/InfoPlist.strings; sourceTree = "<group>"; };
		57AACE8E14A2757000E838B1 /* main.m */ = {isa = PBXFileReference; lastKnownFileType = sourcecode.c.objc; path = main.m; sourceTree = "<group>"; };
		57AACE9014A2757000E838B1 /* Calculator-Prefix.pch */ = {isa = PBXFileReference; lastKnownFileType = sourcecode.c.h; path = "Calculator-Prefix.pch"; sourceTree = "<group>"; };
		57AACE9114A2757000E838B1 /* CalculatorAppDelegate.h */ = {isa = PBXFileReference; lastKnownFileType = sourcecode.c.h; path = CalculatorAppDelegate.h; sourceTree = "<group>"; };
		57AACE9214A2757000E838B1 /* CalculatorAppDelegate.m */ = {isa = PBXFileReference; lastKnownFileType = sourcecode.c.objc; path = CalculatorAppDelegate.m; sourceTree = "<group>"; };
		57AACE9514A2757000E838B1 /* en */ = {isa = PBXFileReference; lastKnownFileType = file.storyboard; name = en; path = en.lproj/MainStoryboard.storyboard; sourceTree = "<group>"; };
		57AACE9714A2757000E838B1 /* CalculatorViewController.h */ = {isa = PBXFileReference; lastKnownFileType = sourcecode.c.h; path = CalculatorViewController.h; sourceTree = "<group>"; };
		57AACE9814A2757000E838B1 /* CalculatorViewController.m */ = {isa = PBXFileReference; lastKnownFileType = sourcecode.c.objc; path = CalculatorViewController.m; sourceTree = "<group>"; };
		57AACE9F14A2A0D900E838B1 /* CalculatorBrain.h */ = {isa = PBXFileReference; fileEncoding = 4; lastKnownFileType = sourcecode.c.h; path = CalculatorBrain.h; sourceTree = SOURCE_ROOT; };
		57AACEA014A2A0D900E838B1 /* CalculatorBrain.m */ = {isa = PBXFileReference; fileEncoding = 4; lastKnownFileType = sourcecode.c.objc; path = CalculatorBrain.m; sourceTree = SOURCE_ROOT; };
/* End PBXFileReference section */

/* Begin PBXFrameworksBuildPhase section */
		571E03C914BF7D610041AF38 /* Frameworks */ = {
			isa = PBXFrameworksBuildPhase;
			buildActionMask = 2147483647;
			files = (
				571E03CE14BF7D610041AF38 /* SenTestingKit.framework in Frameworks */,
				571E03CF14BF7D610041AF38 /* UIKit.framework in Frameworks */,
				571E03D014BF7D610041AF38 /* Foundation.framework in Frameworks */,
			);
			runOnlyForDeploymentPostprocessing = 0;
		};
		57AACE7B14A2757000E838B1 /* Frameworks */ = {
			isa = PBXFrameworksBuildPhase;
			buildActionMask = 2147483647;
			files = (
				57AACE8314A2757000E838B1 /* UIKit.framework in Frameworks */,
				57AACE8514A2757000E838B1 /* Foundation.framework in Frameworks */,
				57AACE8714A2757000E838B1 /* CoreGraphics.framework in Frameworks */,
			);
			runOnlyForDeploymentPostprocessing = 0;
		};
/* End PBXFrameworksBuildPhase section */

/* Begin PBXGroup section */
		571E03D114BF7D610041AF38 /* CalculatorBrainLogicTests */ = {
			isa = PBXGroup;
			children = (
				571E03D714BF7D610041AF38 /* CalculatorBrainLogicTests.h */,
				571E03D814BF7D610041AF38 /* CalculatorBrainLogicTests.m */,
				571E03D214BF7D610041AF38 /* Supporting Files */,
			);
			path = CalculatorBrainLogicTests;
			sourceTree = "<group>";
		};
		571E03D214BF7D610041AF38 /* Supporting Files */ = {
			isa = PBXGroup;
			children = (
				571E03D314BF7D610041AF38 /* CalculatorBrainLogicTests-Info.plist */,
				571E03D414BF7D610041AF38 /* InfoPlist.strings */,
				571E03DA14BF7D610041AF38 /* CalculatorBrainLogicTests-Prefix.pch */,
			);
			name = "Supporting Files";
			sourceTree = "<group>";
		};
		57AACE7314A2757000E838B1 = {
			isa = PBXGroup;
			children = (
				579E877E14C8D35500446175 /* README */,
				57AACE8814A2757000E838B1 /* Calculator */,
				571E03D114BF7D610041AF38 /* CalculatorBrainLogicTests */,
				57AACE8114A2757000E838B1 /* Frameworks */,
				57AACE7F14A2757000E838B1 /* Products */,
			);
			sourceTree = "<group>";
		};
		57AACE7F14A2757000E838B1 /* Products */ = {
			isa = PBXGroup;
			children = (
				57AACE7E14A2757000E838B1 /* Calculator.app */,
				571E03CD14BF7D610041AF38 /* CalculatorBrainLogicTests.octest */,
			);
			name = Products;
			sourceTree = "<group>";
		};
		57AACE8114A2757000E838B1 /* Frameworks */ = {
			isa = PBXGroup;
			children = (
				57AACE8214A2757000E838B1 /* UIKit.framework */,
				57AACE8414A2757000E838B1 /* Foundation.framework */,
				57AACE8614A2757000E838B1 /* CoreGraphics.framework */,
				571E03A014BF60BB0041AF38 /* SenTestingKit.framework */,
			);
			name = Frameworks;
			sourceTree = "<group>";
		};
		57AACE8814A2757000E838B1 /* Calculator */ = {
			isa = PBXGroup;
			children = (
				57AACE9114A2757000E838B1 /* CalculatorAppDelegate.h */,
				57AACE9214A2757000E838B1 /* CalculatorAppDelegate.m */,
				57AACE9F14A2A0D900E838B1 /* CalculatorBrain.h */,
				57AACEA014A2A0D900E838B1 /* CalculatorBrain.m */,
				57AACE9414A2757000E838B1 /* MainStoryboard.storyboard */,
				57AACE9714A2757000E838B1 /* CalculatorViewController.h */,
				57AACE9814A2757000E838B1 /* CalculatorViewController.m */,
				5746BA0A14C90CCD005979C1 /* CalculatorGraphView.h */,
				5746BA0B14C90CCD005979C1 /* CalculatorGraphView.m */,
				5770273F14C90D40001D3AA8 /* CalculatorGraphViewController.h */,
				5770274014C90D40001D3AA8 /* CalculatorGraphViewController.m */,
				57AACE8914A2757000E838B1 /* Supporting Files */,
			);
			path = Calculator;
			sourceTree = "<group>";
		};
		57AACE8914A2757000E838B1 /* Supporting Files */ = {
			isa = PBXGroup;
			children = (
				57AACE8A14A2757000E838B1 /* Calculator-Info.plist */,
				57AACE8B14A2757000E838B1 /* InfoPlist.strings */,
				57AACE8E14A2757000E838B1 /* main.m */,
				57AACE9014A2757000E838B1 /* Calculator-Prefix.pch */,
			);
			name = "Supporting Files";
			sourceTree = "<group>";
		};
/* End PBXGroup section */

/* Begin PBXNativeTarget section */
		571E03CC14BF7D610041AF38 /* CalculatorBrainLogicTests */ = {
			isa = PBXNativeTarget;
			buildConfigurationList = 571E03DB14BF7D610041AF38 /* Build configuration list for PBXNativeTarget "CalculatorBrainLogicTests" */;
			buildPhases = (
				571E03C814BF7D610041AF38 /* Sources */,
				571E03C914BF7D610041AF38 /* Frameworks */,
				571E03CA14BF7D610041AF38 /* Resources */,
				571E03CB14BF7D610041AF38 /* ShellScript */,
			);
			buildRules = (
			);
			dependencies = (
			);
			name = CalculatorBrainLogicTests;
			productName = CalculatorBrainLogicTests;
			productReference = 571E03CD14BF7D610041AF38 /* CalculatorBrainLogicTests.octest */;
			productType = "com.apple.product-type.bundle";
		};
		57AACE7D14A2757000E838B1 /* Calculator */ = {
			isa = PBXNativeTarget;
			buildConfigurationList = 57AACE9C14A2757000E838B1 /* Build configuration list for PBXNativeTarget "Calculator" */;
			buildPhases = (
				57AACE7A14A2757000E838B1 /* Sources */,
				57AACE7B14A2757000E838B1 /* Frameworks */,
				57AACE7C14A2757000E838B1 /* Resources */,
			);
			buildRules = (
			);
			dependencies = (
			);
			name = Calculator;
			productName = Calculator;
			productReference = 57AACE7E14A2757000E838B1 /* Calculator.app */;
			productType = "com.apple.product-type.application";
		};
/* End PBXNativeTarget section */

/* Begin PBXProject section */
		57AACE7514A2757000E838B1 /* Project object */ = {
			isa = PBXProject;
			attributes = {
				LastUpgradeCheck = 0420;
			};
			buildConfigurationList = 57AACE7814A2757000E838B1 /* Build configuration list for PBXProject "Calculator" */;
			compatibilityVersion = "Xcode 3.2";
			developmentRegion = English;
			hasScannedForEncodings = 0;
			knownRegions = (
				en,
			);
			mainGroup = 57AACE7314A2757000E838B1;
			productRefGroup = 57AACE7F14A2757000E838B1 /* Products */;
			projectDirPath = "";
			projectRoot = "";
			targets = (
				57AACE7D14A2757000E838B1 /* Calculator */,
				571E03CC14BF7D610041AF38 /* CalculatorBrainLogicTests */,
			);
		};
/* End PBXProject section */

/* Begin PBXResourcesBuildPhase section */
		571E03CA14BF7D610041AF38 /* Resources */ = {
			isa = PBXResourcesBuildPhase;
			buildActionMask = 2147483647;
			files = (
				571E03D614BF7D610041AF38 /* InfoPlist.strings in Resources */,
			);
			runOnlyForDeploymentPostprocessing = 0;
		};
		57AACE7C14A2757000E838B1 /* Resources */ = {
			isa = PBXResourcesBuildPhase;
			buildActionMask = 2147483647;
			files = (
				57AACE8D14A2757000E838B1 /* InfoPlist.strings in Resources */,
				57AACE9614A2757000E838B1 /* MainStoryboard.storyboard in Resources */,
				579E877F14C8D35500446175 /* README in Resources */,
			);
			runOnlyForDeploymentPostprocessing = 0;
		};
/* End PBXResourcesBuildPhase section */

/* Begin PBXShellScriptBuildPhase section */
		571E03CB14BF7D610041AF38 /* ShellScript */ = {
			isa = PBXShellScriptBuildPhase;
			buildActionMask = 2147483647;
			files = (
			);
			inputPaths = (
			);
			outputPaths = (
			);
			runOnlyForDeploymentPostprocessing = 0;
			shellPath = /bin/sh;
			shellScript = "# Run the unit tests in this test bundle.\n\"${SYSTEM_DEVELOPER_DIR}/Tools/RunUnitTests\"\n";
		};
/* End PBXShellScriptBuildPhase section */

/* Begin PBXSourcesBuildPhase section */
		571E03C814BF7D610041AF38 /* Sources */ = {
			isa = PBXSourcesBuildPhase;
			buildActionMask = 2147483647;
			files = (
				577FF63F14BF807C00CFDB55 /* CalculatorBrain.m in Sources */,
				571E03D914BF7D610041AF38 /* CalculatorBrainLogicTests.m in Sources */,
			);
			runOnlyForDeploymentPostprocessing = 0;
		};
		57AACE7A14A2757000E838B1 /* Sources */ = {
			isa = PBXSourcesBuildPhase;
			buildActionMask = 2147483647;
			files = (
				57AACE8F14A2757000E838B1 /* main.m in Sources */,
				57AACE9314A2757000E838B1 /* CalculatorAppDelegate.m in Sources */,
				57AACE9914A2757000E838B1 /* CalculatorViewController.m in Sources */,
				57AACEA114A2A0D900E838B1 /* CalculatorBrain.m in Sources */,
				5746BA0C14C90CCD005979C1 /* CalculatorGraphView.m in Sources */,
				5770274114C90D40001D3AA8 /* CalculatorGraphViewController.m in Sources */,
			);
			runOnlyForDeploymentPostprocessing = 0;
		};
/* End PBXSourcesBuildPhase section */

/* Begin PBXVariantGroup section */
		571E03D414BF7D610041AF38 /* InfoPlist.strings */ = {
			isa = PBXVariantGroup;
			children = (
				571E03D514BF7D610041AF38 /* en */,
			);
			name = InfoPlist.strings;
			sourceTree = "<group>";
		};
		57AACE8B14A2757000E838B1 /* InfoPlist.strings */ = {
			isa = PBXVariantGroup;
			children = (
				57AACE8C14A2757000E838B1 /* en */,
			);
			name = InfoPlist.strings;
			sourceTree = "<group>";
		};
		57AACE9414A2757000E838B1 /* MainStoryboard.storyboard */ = {
			isa = PBXVariantGroup;
			children = (
				57AACE9514A2757000E838B1 /* en */,
			);
			name = MainStoryboard.storyboard;
			sourceTree = "<group>";
		};
/* End PBXVariantGroup section */

/* Begin XCBuildConfiguration section */
		571E03DC14BF7D610041AF38 /* Debug */ = {
			isa = XCBuildConfiguration;
			buildSettings = {
				FRAMEWORK_SEARCH_PATHS = (
					"$(SDKROOT)/Developer/Library/Frameworks",
					"$(DEVELOPER_LIBRARY_DIR)/Frameworks",
				);
				GCC_PRECOMPILE_PREFIX_HEADER = YES;
				GCC_PREFIX_HEADER = "CalculatorBrainLogicTests/CalculatorBrainLogicTests-Prefix.pch";
				INFOPLIST_FILE = "CalculatorBrainLogicTests/CalculatorBrainLogicTests-Info.plist";
				PRODUCT_NAME = "$(TARGET_NAME)";
				WRAPPER_EXTENSION = octest;
			};
			name = Debug;
		};
		571E03DD14BF7D610041AF38 /* Release */ = {
			isa = XCBuildConfiguration;
			buildSettings = {
				FRAMEWORK_SEARCH_PATHS = (
					"$(SDKROOT)/Developer/Library/Frameworks",
					"$(DEVELOPER_LIBRARY_DIR)/Frameworks",
				);
				GCC_PRECOMPILE_PREFIX_HEADER = YES;
				GCC_PREFIX_HEADER = "CalculatorBrainLogicTests/CalculatorBrainLogicTests-Prefix.pch";
				INFOPLIST_FILE = "CalculatorBrainLogicTests/CalculatorBrainLogicTests-Info.plist";
				PRODUCT_NAME = "$(TARGET_NAME)";
				WRAPPER_EXTENSION = octest;
			};
			name = Release;
		};
		57AACE9A14A2757000E838B1 /* Debug */ = {
			isa = XCBuildConfiguration;
			buildSettings = {
				ALWAYS_SEARCH_USER_PATHS = NO;
				ARCHS = "$(ARCHS_STANDARD_32_BIT)";
				CLANG_ENABLE_OBJC_ARC = YES;
				"CODE_SIGN_IDENTITY[sdk=iphoneos*]" = "iPhone Developer";
				COPY_PHASE_STRIP = NO;
				GCC_C_LANGUAGE_STANDARD = gnu99;
				GCC_DYNAMIC_NO_PIC = NO;
				GCC_OPTIMIZATION_LEVEL = 0;
				GCC_PREPROCESSOR_DEFINITIONS = (
					"DEBUG=1",
					"$(inherited)",
				);
				GCC_SYMBOLS_PRIVATE_EXTERN = NO;
				GCC_VERSION = com.apple.compilers.llvm.clang.1_0;
				GCC_WARN_ABOUT_MISSING_PROTOTYPES = YES;
				GCC_WARN_ABOUT_RETURN_TYPE = YES;
				GCC_WARN_UNUSED_VARIABLE = YES;
				IPHONEOS_DEPLOYMENT_TARGET = 5.0;
				SDKROOT = iphoneos;
			};
			name = Debug;
		};
		57AACE9B14A2757000E838B1 /* Release */ = {
			isa = XCBuildConfiguration;
			buildSettings = {
				ALWAYS_SEARCH_USER_PATHS = NO;
				ARCHS = "$(ARCHS_STANDARD_32_BIT)";
				CLANG_ENABLE_OBJC_ARC = YES;
				"CODE_SIGN_IDENTITY[sdk=iphoneos*]" = "iPhone Developer";
				COPY_PHASE_STRIP = YES;
				GCC_C_LANGUAGE_STANDARD = gnu99;
				GCC_VERSION = com.apple.compilers.llvm.clang.1_0;
				GCC_WARN_ABOUT_MISSING_PROTOTYPES = YES;
				GCC_WARN_ABOUT_RETURN_TYPE = YES;
				GCC_WARN_UNUSED_VARIABLE = YES;
				IPHONEOS_DEPLOYMENT_TARGET = 5.0;
				OTHER_CFLAGS = "-DNS_BLOCK_ASSERTIONS=1";
				SDKROOT = iphoneos;
				VALIDATE_PRODUCT = YES;
			};
			name = Release;
		};
		57AACE9D14A2757000E838B1 /* Debug */ = {
			isa = XCBuildConfiguration;
			buildSettings = {
				GCC_PRECOMPILE_PREFIX_HEADER = YES;
				GCC_PREFIX_HEADER = "Calculator/Calculator-Prefix.pch";
				INFOPLIST_FILE = "Calculator/Calculator-Info.plist";
				PRODUCT_NAME = "$(TARGET_NAME)";
				WRAPPER_EXTENSION = app;
			};
			name = Debug;
		};
		57AACE9E14A2757000E838B1 /* Release */ = {
			isa = XCBuildConfiguration;
			buildSettings = {
				GCC_PRECOMPILE_PREFIX_HEADER = YES;
				GCC_PREFIX_HEADER = "Calculator/Calculator-Prefix.pch";
				INFOPLIST_FILE = "Calculator/Calculator-Info.plist";
				PRODUCT_NAME = "$(TARGET_NAME)";
				WRAPPER_EXTENSION = app;
			};
			name = Release;
		};
/* End XCBuildConfiguration section */

/* Begin XCConfigurationList section */
		571E03DB14BF7D610041AF38 /* Build configuration list for PBXNativeTarget "CalculatorBrainLogicTests" */ = {
			isa = XCConfigurationList;
			buildConfigurations = (
				571E03DC14BF7D610041AF38 /* Debug */,
				571E03DD14BF7D610041AF38 /* Release */,
			);
			defaultConfigurationIsVisible = 0;
			defaultConfigurationName = Release;
		};
		57AACE7814A2757000E838B1 /* Build configuration list for PBXProject "Calculator" */ = {
			isa = XCConfigurationList;
			buildConfigurations = (
				57AACE9A14A2757000E838B1 /* Debug */,
				57AACE9B14A2757000E838B1 /* Release */,
			);
			defaultConfigurationIsVisible = 0;
			defaultConfigurationName = Release;
		};
		57AACE9C14A2757000E838B1 /* Build configuration list for PBXNativeTarget "Calculator" */ = {
			isa = XCConfigurationList;
			buildConfigurations = (
				57AACE9D14A2757000E838B1 /* Debug */,
				57AACE9E14A2757000E838B1 /* Release */,
			);
			defaultConfigurationIsVisible = 0;
			defaultConfigurationName = Release;
		};
/* End XCConfigurationList section */
	};
	rootObject = 57AACE7514A2757000E838B1 /* Project object */;
}
